
Microsoft Visual Studio Solution File, Format Version 12.00
# Visual Studio Version 17
VisualStudioVersion = 17.3.32901.215
MinimumVisualStudioVersion = 10.0.40219.1
Project("{FAE04EC0-301F-11D3-BF4B-00C04F79EFBC}") = "M. Yoga Prasetya Erlangga_20210140012_Exe2", "M. Yoga Prasetya Erlangga_20210140012_Exe2\M. Yoga Prasetya Erlangga_20210140012_Exe2.csproj", "{FD71D015-2C32-494A-87B8-5DB17201B9A6}"
EndProject
Global
	GlobalSection(SolutionConfigurationPlatforms) = preSolution
		Debug|Any CPU = Debug|Any CPU
		Release|Any CPU = Release|Any CPU
	EndGlobalSection
	GlobalSection(ProjectConfigurationPlatforms) = postSolution
		{FD71D015-2C32-494A-87B8-5DB17201B9A6}.Debug|Any CPU.ActiveCfg = Debug|Any CPU
		{FD71D015-2C32-494A-87B8-5DB17201B9A6}.Debug|Any CPU.Build.0 = Debug|Any CPU
		{FD71D015-2C32-494A-87B8-5DB17201B9A6}.Release|Any CPU.ActiveCfg = Release|Any CPU
		{FD71D015-2C32-494A-87B8-5DB17201B9A6}.Release|Any CPU.Build.0 = Release|Any CPU
	EndGlobalSection
	GlobalSection(SolutionProperties) = preSolution
		HideSolutionNode = FALSE
	EndGlobalSection
	GlobalSection(ExtensibilityGlobals) = postSolution
		SolutionGuid = {73A2CBFB-5AFD-41A7-A1E3-D8BEE1E86CF2}
	EndGlobalSection
EndGlobal
